
Microsoft Visual Studio Solution File, Format Version 12.00
# Visual Studio Version 17
VisualStudioVersion = 17.13.35913.81 d17.13
MinimumVisualStudioVersion = 10.0.40219.1
Project("{FAE04EC0-301F-11D3-BF4B-00C04F79EFBC}") = "RushiOpenSource", "RushiOpenSource\RushiOpenSource.csproj", "{BB77BE37-F558-4186-AE25-27003591D3D4}"
EndProject
Global
	GlobalSection(SolutionConfigurationPlatforms) = preSolution
		Debug|Any CPU = Debug|Any CPU
		Release|Any CPU = Release|Any CPU
	EndGlobalSection
	GlobalSection(ProjectConfigurationPlatforms) = postSolution
		{BB77BE37-F558-4186-AE25-27003591D3D4}.Debug|Any CPU.ActiveCfg = Debug|Any CPU
		{BB77BE37-F558-4186-AE25-27003591D3D4}.Debug|Any CPU.Build.0 = Debug|Any CPU
		{BB77BE37-F558-4186-AE25-27003591D3D4}.Release|Any CPU.ActiveCfg = Release|Any CPU
		{BB77BE37-F558-4186-AE25-27003591D3D4}.Release|Any CPU.Build.0 = Release|Any CPU
	EndGlobalSection
	GlobalSection(SolutionProperties) = preSolution
		HideSolutionNode = FALSE
	EndGlobalSection
	GlobalSection(ExtensibilityGlobals) = postSolution
		SolutionGuid = {436B6E35-D7B4-4A6B-9437-0AB1FA448729}
	EndGlobalSection
EndGlobal
